// !$*UTF8*$!
{
	archiveVersion = 1;
	classes = {
	};
	objectVersion = 56;
	objects = {

/* Begin PBXBuildFile section */
		EA9BDF432B1E25CC003D6DE4 /* AppDelegate.swift in Sources */ = {isa = PBXBuildFile; fileRef = EA9BDF422B1E25CC003D6DE4 /* AppDelegate.swift */; };
		EA9BDF452B1E25CC003D6DE4 /* SceneDelegate.swift in Sources */ = {isa = PBXBuildFile; fileRef = EA9BDF442B1E25CC003D6DE4 /* SceneDelegate.swift */; };
		EA9BDF4A2B1E25CC003D6DE4 /* Main.storyboard in Resources */ = {isa = PBXBuildFile; fileRef = EA9BDF482B1E25CC003D6DE4 /* Main.storyboard */; };
		EA9BDF4C2B1E25CE003D6DE4 /* Assets.xcassets in Resources */ = {isa = PBXBuildFile; fileRef = EA9BDF4B2B1E25CE003D6DE4 /* Assets.xcassets */; };
		EA9BDF4F2B1E25CE003D6DE4 /* LaunchScreen.storyboard in Resources */ = {isa = PBXBuildFile; fileRef = EA9BDF4D2B1E25CE003D6DE4 /* LaunchScreen.storyboard */; };
		EA9BDF572B1E26F2003D6DE4 /* Dog.swift in Sources */ = {isa = PBXBuildFile; fileRef = EA9BDF562B1E26F2003D6DE4 /* Dog.swift */; };
		EA9BDF5B2B1E2CDB003D6DE4 /* DogViewController.swift in Sources */ = {isa = PBXBuildFile; fileRef = EA9BDF5A2B1E2CDB003D6DE4 /* DogViewController.swift */; };
		EA9BDF5D2B1E3A3C003D6DE4 /* StateRepViewController.swift in Sources */ = {isa = PBXBuildFile; fileRef = EA9BDF5C2B1E3A3C003D6DE4 /* StateRepViewController.swift */; };
		EA9BDF5F2B1E3C24003D6DE4 /* StateRep.swift in Sources */ = {isa = PBXBuildFile; fileRef = EA9BDF5E2B1E3C24003D6DE4 /* StateRep.swift */; };
		EA9BDF612B1E6E83003D6DE4 /* StateRepController.swift in Sources */ = {isa = PBXBuildFile; fileRef = EA9BDF602B1E6E83003D6DE4 /* StateRepController.swift */; };
		EA9BDF632B1E7A22003D6DE4 /* StateRepTableViewCell.swift in Sources */ = {isa = PBXBuildFile; fileRef = EA9BDF622B1E7A22003D6DE4 /* StateRepTableViewCell.swift */; };
		EA9BDF652B1F7B3B003D6DE4 /* NobelViewController.swift in Sources */ = {isa = PBXBuildFile; fileRef = EA9BDF642B1F7B3B003D6DE4 /* NobelViewController.swift */; };
		EA9BDF682B1F7C51003D6DE4 /* testItems.swift in Sources */ = {isa = PBXBuildFile; fileRef = EA9BDF672B1F7C51003D6DE4 /* testItems.swift */; };
/* End PBXBuildFile section */

/* Begin PBXFileReference section */
		EA9BDF3F2B1E25CC003D6DE4 /* APIProject.app */ = {isa = PBXFileReference; explicitFileType = wrapper.application; includeInIndex = 0; path = APIProject.app; sourceTree = BUILT_PRODUCTS_DIR; };
		EA9BDF422B1E25CC003D6DE4 /* AppDelegate.swift */ = {isa = PBXFileReference; lastKnownFileType = sourcecode.swift; path = AppDelegate.swift; sourceTree = "<group>"; };
		EA9BDF442B1E25CC003D6DE4 /* SceneDelegate.swift */ = {isa = PBXFileReference; lastKnownFileType = sourcecode.swift; path = SceneDelegate.swift; sourceTree = "<group>"; };
		EA9BDF492B1E25CC003D6DE4 /* Base */ = {isa = PBXFileReference; lastKnownFileType = file.storyboard; name = Base; path = Base.lproj/Main.storyboard; sourceTree = "<group>"; };
		EA9BDF4B2B1E25CE003D6DE4 /* Assets.xcassets */ = {isa = PBXFileReference; lastKnownFileType = folder.assetcatalog; path = Assets.xcassets; sourceTree = "<group>"; };
		EA9BDF4E2B1E25CE003D6DE4 /* Base */ = {isa = PBXFileReference; lastKnownFileType = file.storyboard; name = Base; path = Base.lproj/LaunchScreen.storyboard; sourceTree = "<group>"; };
		EA9BDF502B1E25CE003D6DE4 /* Info.plist */ = {isa = PBXFileReference; lastKnownFileType = text.plist.xml; path = Info.plist; sourceTree = "<group>"; };
		EA9BDF562B1E26F2003D6DE4 /* Dog.swift */ = {isa = PBXFileReference; lastKnownFileType = sourcecode.swift; path = Dog.swift; sourceTree = "<group>"; };
		EA9BDF5A2B1E2CDB003D6DE4 /* DogViewController.swift */ = {isa = PBXFileReference; lastKnownFileType = sourcecode.swift; path = DogViewController.swift; sourceTree = "<group>"; };
		EA9BDF5C2B1E3A3C003D6DE4 /* StateRepViewController.swift */ = {isa = PBXFileReference; lastKnownFileType = sourcecode.swift; path = StateRepViewController.swift; sourceTree = "<group>"; };
		EA9BDF5E2B1E3C24003D6DE4 /* StateRep.swift */ = {isa = PBXFileReference; lastKnownFileType = sourcecode.swift; path = StateRep.swift; sourceTree = "<group>"; };
		EA9BDF602B1E6E83003D6DE4 /* StateRepController.swift */ = {isa = PBXFileReference; lastKnownFileType = sourcecode.swift; path = StateRepController.swift; sourceTree = "<group>"; };
		EA9BDF622B1E7A22003D6DE4 /* StateRepTableViewCell.swift */ = {isa = PBXFileReference; lastKnownFileType = sourcecode.swift; path = StateRepTableViewCell.swift; sourceTree = "<group>"; };
		EA9BDF642B1F7B3B003D6DE4 /* NobelViewController.swift */ = {isa = PBXFileReference; lastKnownFileType = sourcecode.swift; path = NobelViewController.swift; sourceTree = "<group>"; };
		EA9BDF672B1F7C51003D6DE4 /* testItems.swift */ = {isa = PBXFileReference; lastKnownFileType = sourcecode.swift; path = testItems.swift; sourceTree = "<group>"; };
/* End PBXFileReference section */

/* Begin PBXFrameworksBuildPhase section */
		EA9BDF3C2B1E25CC003D6DE4 /* Frameworks */ = {
			isa = PBXFrameworksBuildPhase;
			buildActionMask = 2147483647;
			files = (
			);
			runOnlyForDeploymentPostprocessing = 0;
		};
/* End PBXFrameworksBuildPhase section */

/* Begin PBXGroup section */
		EA9BDF362B1E25CC003D6DE4 = {
			isa = PBXGroup;
			children = (
				EA9BDF672B1F7C51003D6DE4 /* testItems.swift */,
				EA9BDF662B1F7B68003D6DE4 /* view */,
				EA9BDF602B1E6E83003D6DE4 /* StateRepController.swift */,
				EA9BDF5E2B1E3C24003D6DE4 /* StateRep.swift */,
				EA9BDF562B1E26F2003D6DE4 /* Dog.swift */,
				EA9BDF412B1E25CC003D6DE4 /* APIProject */,
				EA9BDF402B1E25CC003D6DE4 /* Products */,
			);
			sourceTree = "<group>";
		};
		EA9BDF402B1E25CC003D6DE4 /* Products */ = {
			isa = PBXGroup;
			children = (
				EA9BDF3F2B1E25CC003D6DE4 /* APIProject.app */,
			);
			name = Products;
			sourceTree = "<group>";
		};
		EA9BDF412B1E25CC003D6DE4 /* APIProject */ = {
			isa = PBXGroup;
			children = (
				EA9BDF422B1E25CC003D6DE4 /* AppDelegate.swift */,
				EA9BDF442B1E25CC003D6DE4 /* SceneDelegate.swift */,
				EA9BDF482B1E25CC003D6DE4 /* Main.storyboard */,
				EA9BDF4B2B1E25CE003D6DE4 /* Assets.xcassets */,
				EA9BDF4D2B1E25CE003D6DE4 /* LaunchScreen.storyboard */,
				EA9BDF502B1E25CE003D6DE4 /* Info.plist */,
			);
			path = APIProject;
			sourceTree = "<group>";
		};
		EA9BDF662B1F7B68003D6DE4 /* view */ = {
			isa = PBXGroup;
			children = (
				EA9BDF642B1F7B3B003D6DE4 /* NobelViewController.swift */,
				EA9BDF5A2B1E2CDB003D6DE4 /* DogViewController.swift */,
				EA9BDF5C2B1E3A3C003D6DE4 /* StateRepViewController.swift */,
				EA9BDF622B1E7A22003D6DE4 /* StateRepTableViewCell.swift */,
			);
			path = view;
			sourceTree = "<group>";
		};
/* End PBXGroup section */

/* Begin PBXNativeTarget section */
		EA9BDF3E2B1E25CC003D6DE4 /* APIProject */ = {
			isa = PBXNativeTarget;
			buildConfigurationList = EA9BDF532B1E25CE003D6DE4 /* Build configuration list for PBXNativeTarget "APIProject" */;
			buildPhases = (
				EA9BDF3B2B1E25CC003D6DE4 /* Sources */,
				EA9BDF3C2B1E25CC003D6DE4 /* Frameworks */,
				EA9BDF3D2B1E25CC003D6DE4 /* Resources */,
			);
			buildRules = (
			);
			dependencies = (
			);
			name = APIProject;
			productName = APIProject;
			productReference = EA9BDF3F2B1E25CC003D6DE4 /* APIProject.app */;
			productType = "com.apple.product-type.application";
		};
/* End PBXNativeTarget section */

/* Begin PBXProject section */
		EA9BDF372B1E25CC003D6DE4 /* Project object */ = {
			isa = PBXProject;
			attributes = {
				BuildIndependentTargetsInParallel = 1;
				LastSwiftUpdateCheck = 1500;
				LastUpgradeCheck = 1500;
				TargetAttributes = {
					EA9BDF3E2B1E25CC003D6DE4 = {
						CreatedOnToolsVersion = 15.0.1;
					};
				};
			};
			buildConfigurationList = EA9BDF3A2B1E25CC003D6DE4 /* Build configuration list for PBXProject "APIProject" */;
			compatibilityVersion = "Xcode 14.0";
			developmentRegion = en;
			hasScannedForEncodings = 0;
			knownRegions = (
				en,
				Base,
			);
			mainGroup = EA9BDF362B1E25CC003D6DE4;
			productRefGroup = EA9BDF402B1E25CC003D6DE4 /* Products */;
			projectDirPath = "";
			projectRoot = "";
			targets = (
				EA9BDF3E2B1E25CC003D6DE4 /* APIProject */,
			);
		};
/* End PBXProject section */

/* Begin PBXResourcesBuildPhase section */
		EA9BDF3D2B1E25CC003D6DE4 /* Resources */ = {
			isa = PBXResourcesBuildPhase;
			buildActionMask = 2147483647;
			files = (
				EA9BDF4F2B1E25CE003D6DE4 /* LaunchScreen.storyboard in Resources */,
				EA9BDF4C2B1E25CE003D6DE4 /* Assets.xcassets in Resources */,
				EA9BDF4A2B1E25CC003D6DE4 /* Main.storyboard in Resources */,
			);
			runOnlyForDeploymentPostprocessing = 0;
		};
/* End PBXResourcesBuildPhase section */

/* Begin PBXSourcesBuildPhase section */
		EA9BDF3B2B1E25CC003D6DE4 /* Sources */ = {
			isa = PBXSourcesBuildPhase;
			buildActionMask = 2147483647;
			files = (
				EA9BDF682B1F7C51003D6DE4 /* testItems.swift in Sources */,
				EA9BDF652B1F7B3B003D6DE4 /* NobelViewController.swift in Sources */,
				EA9BDF432B1E25CC003D6DE4 /* AppDelegate.swift in Sources */,
				EA9BDF632B1E7A22003D6DE4 /* StateRepTableViewCell.swift in Sources */,
				EA9BDF612B1E6E83003D6DE4 /* StateRepController.swift in Sources */,
				EA9BDF572B1E26F2003D6DE4 /* Dog.swift in Sources */,
				EA9BDF5B2B1E2CDB003D6DE4 /* DogViewController.swift in Sources */,
				EA9BDF452B1E25CC003D6DE4 /* SceneDelegate.swift in Sources */,
				EA9BDF5D2B1E3A3C003D6DE4 /* StateRepViewController.swift in Sources */,
				EA9BDF5F2B1E3C24003D6DE4 /* StateRep.swift in Sources */,
			);
			runOnlyForDeploymentPostprocessing = 0;
		};
/* End PBXSourcesBuildPhase section */

/* Begin PBXVariantGroup section */
		EA9BDF482B1E25CC003D6DE4 /* Main.storyboard */ = {
			isa = PBXVariantGroup;
			children = (
				EA9BDF492B1E25CC003D6DE4 /* Base */,
			);
			name = Main.storyboard;
			sourceTree = "<group>";
		};
		EA9BDF4D2B1E25CE003D6DE4 /* LaunchScreen.storyboard */ = {
			isa = PBXVariantGroup;
			children = (
				EA9BDF4E2B1E25CE003D6DE4 /* Base */,
			);
			name = LaunchScreen.storyboard;
			sourceTree = "<group>";
		};
/* End PBXVariantGroup section */

/* Begin XCBuildConfiguration section */
		EA9BDF512B1E25CE003D6DE4 /* Debug */ = {
			isa = XCBuildConfiguration;
			buildSettings = {
				ALWAYS_SEARCH_USER_PATHS = NO;
				ASSETCATALOG_COMPILER_GENERATE_SWIFT_ASSET_SYMBOL_EXTENSIONS = YES;
				CLANG_ANALYZER_NONNULL = YES;
				CLANG_ANALYZER_NUMBER_OBJECT_CONVERSION = YES_AGGRESSIVE;
				CLANG_CXX_LANGUAGE_STANDARD = "gnu++20";
				CLANG_ENABLE_MODULES = YES;
				CLANG_ENABLE_OBJC_ARC = YES;
				CLANG_ENABLE_OBJC_WEAK = YES;
				CLANG_WARN_BLOCK_CAPTURE_AUTORELEASING = YES;
				CLANG_WARN_BOOL_CONVERSION = YES;
				CLANG_WARN_COMMA = YES;
				CLANG_WARN_CONSTANT_CONVERSION = YES;
				CLANG_WARN_DEPRECATED_OBJC_IMPLEMENTATIONS = YES;
				CLANG_WARN_DIRECT_OBJC_ISA_USAGE = YES_ERROR;
				CLANG_WARN_DOCUMENTATION_COMMENTS = YES;
				CLANG_WARN_EMPTY_BODY = YES;
				CLANG_WARN_ENUM_CONVERSION = YES;
				CLANG_WARN_INFINITE_RECURSION = YES;
				CLANG_WARN_INT_CONVERSION = YES;
				CLANG_WARN_NON_LITERAL_NULL_CONVERSION = YES;
				CLANG_WARN_OBJC_IMPLICIT_RETAIN_SELF = YES;
				CLANG_WARN_OBJC_LITERAL_CONVERSION = YES;
				CLANG_WARN_OBJC_ROOT_CLASS = YES_ERROR;
				CLANG_WARN_QUOTED_INCLUDE_IN_FRAMEWORK_HEADER = YES;
				CLANG_WARN_RANGE_LOOP_ANALYSIS = YES;
				CLANG_WARN_STRICT_PROTOTYPES = YES;
				CLANG_WARN_SUSPICIOUS_MOVE = YES;
				CLANG_WARN_UNGUARDED_AVAILABILITY = YES_AGGRESSIVE;
				CLANG_WARN_UNREACHABLE_CODE = YES;
				CLANG_WARN__DUPLICATE_METHOD_MATCH = YES;
				COPY_PHASE_STRIP = NO;
				DEBUG_INFORMATION_FORMAT = dwarf;
				ENABLE_STRICT_OBJC_MSGSEND = YES;
				ENABLE_TESTABILITY = YES;
				ENABLE_USER_SCRIPT_SANDBOXING = YES;
				GCC_C_LANGUAGE_STANDARD = gnu17;
				GCC_DYNAMIC_NO_PIC = NO;
				GCC_NO_COMMON_BLOCKS = YES;
				GCC_OPTIMIZATION_LEVEL = 0;
				GCC_PREPROCESSOR_DEFINITIONS = (
					"DEBUG=1",
					"$(inherited)",
				);
				GCC_WARN_64_TO_32_BIT_CONVERSION = YES;
				GCC_WARN_ABOUT_RETURN_TYPE = YES_ERROR;
				GCC_WARN_UNDECLARED_SELECTOR = YES;
				GCC_WARN_UNINITIALIZED_AUTOS = YES_AGGRESSIVE;
				GCC_WARN_UNUSED_FUNCTION = YES;
				GCC_WARN_UNUSED_VARIABLE = YES;
				IPHONEOS_DEPLOYMENT_TARGET = 17.0;
				LOCALIZATION_PREFERS_STRING_CATALOGS = YES;
				MTL_ENABLE_DEBUG_INFO = INCLUDE_SOURCE;
				MTL_FAST_MATH = YES;
				ONLY_ACTIVE_ARCH = YES;
				SDKROOT = iphoneos;
				SWIFT_ACTIVE_COMPILATION_CONDITIONS = "DEBUG $(inherited)";
				SWIFT_OPTIMIZATION_LEVEL = "-Onone";
			};
			name = Debug;
		};
		EA9BDF522B1E25CE003D6DE4 /* Release */ = {
			isa = XCBuildConfiguration;
			buildSettings = {
				ALWAYS_SEARCH_USER_PATHS = NO;
				ASSETCATALOG_COMPILER_GENERATE_SWIFT_ASSET_SYMBOL_EXTENSIONS = YES;
				CLANG_ANALYZER_NONNULL = YES;
				CLANG_ANALYZER_NUMBER_OBJECT_CONVERSION = YES_AGGRESSIVE;
				CLANG_CXX_LANGUAGE_STANDARD = "gnu++20";
				CLANG_ENABLE_MODULES = YES;
				CLANG_ENABLE_OBJC_ARC = YES;
				CLANG_ENABLE_OBJC_WEAK = YES;
				CLANG_WARN_BLOCK_CAPTURE_AUTORELEASING = YES;
				CLANG_WARN_BOOL_CONVERSION = YES;
				CLANG_WARN_COMMA = YES;
				CLANG_WARN_CONSTANT_CONVERSION = YES;
				CLANG_WARN_DEPRECATED_OBJC_IMPLEMENTATIONS = YES;
				CLANG_WARN_DIRECT_OBJC_ISA_USAGE = YES_ERROR;
				CLANG_WARN_DOCUMENTATION_COMMENTS = YES;
				CLANG_WARN_EMPTY_BODY = YES;
				CLANG_WARN_ENUM_CONVERSION = YES;
				CLANG_WARN_INFINITE_RECURSION = YES;
				CLANG_WARN_INT_CONVERSION = YES;
				CLANG_WARN_NON_LITERAL_NULL_CONVERSION = YES;
				CLANG_WARN_OBJC_IMPLICIT_RETAIN_SELF = YES;
				CLANG_WARN_OBJC_LITERAL_CONVERSION = YES;
				CLANG_WARN_OBJC_ROOT_CLASS = YES_ERROR;
				CLANG_WARN_QUOTED_INCLUDE_IN_FRAMEWORK_HEADER = YES;
				CLANG_WARN_RANGE_LOOP_ANALYSIS = YES;
				CLANG_WARN_STRICT_PROTOTYPES = YES;
				CLANG_WARN_SUSPICIOUS_MOVE = YES;
				CLANG_WARN_UNGUARDED_AVAILABILITY = YES_AGGRESSIVE;
				CLANG_WARN_UNREACHABLE_CODE = YES;
				CLANG_WARN__DUPLICATE_METHOD_MATCH = YES;
				COPY_PHASE_STRIP = NO;
				DEBUG_INFORMATION_FORMAT = "dwarf-with-dsym";
				ENABLE_NS_ASSERTIONS = NO;
				ENABLE_STRICT_OBJC_MSGSEND = YES;
				ENABLE_USER_SCRIPT_SANDBOXING = YES;
				GCC_C_LANGUAGE_STANDARD = gnu17;
				GCC_NO_COMMON_BLOCKS = YES;
				GCC_WARN_64_TO_32_BIT_CONVERSION = YES;
				GCC_WARN_ABOUT_RETURN_TYPE = YES_ERROR;
				GCC_WARN_UNDECLARED_SELECTOR = YES;
				GCC_WARN_UNINITIALIZED_AUTOS = YES_AGGRESSIVE;
				GCC_WARN_UNUSED_FUNCTION = YES;
				GCC_WARN_UNUSED_VARIABLE = YES;
				IPHONEOS_DEPLOYMENT_TARGET = 17.0;
				LOCALIZATION_PREFERS_STRING_CATALOGS = YES;
				MTL_ENABLE_DEBUG_INFO = NO;
				MTL_FAST_MATH = YES;
				SDKROOT = iphoneos;
				SWIFT_COMPILATION_MODE = wholemodule;
				VALIDATE_PRODUCT = YES;
			};
			name = Release;
		};
		EA9BDF542B1E25CE003D6DE4 /* Debug */ = {
			isa = XCBuildConfiguration;
			buildSettings = {
				ASSETCATALOG_COMPILER_APPICON_NAME = AppIcon;
				ASSETCATALOG_COMPILER_GLOBAL_ACCENT_COLOR_NAME = AccentColor;
				CODE_SIGN_STYLE = Automatic;
				CURRENT_PROJECT_VERSION = 1;
				DEVELOPMENT_TEAM = 49SY96BT5A;
				GENERATE_INFOPLIST_FILE = YES;
				INFOPLIST_FILE = APIProject/Info.plist;
				INFOPLIST_KEY_UIApplicationSupportsIndirectInputEvents = YES;
				INFOPLIST_KEY_UILaunchStoryboardName = LaunchScreen;
				INFOPLIST_KEY_UIMainStoryboardFile = Main;
				INFOPLIST_KEY_UISupportedInterfaceOrientations_iPad = "UIInterfaceOrientationPortrait UIInterfaceOrientationPortraitUpsideDown UIInterfaceOrientationLandscapeLeft UIInterfaceOrientationLandscapeRight";
				INFOPLIST_KEY_UISupportedInterfaceOrientations_iPhone = "UIInterfaceOrientationPortrait UIInterfaceOrientationLandscapeLeft UIInterfaceOrientationLandscapeRight";
				LD_RUNPATH_SEARCH_PATHS = (
					"$(inherited)",
					"@executable_path/Frameworks",
				);
				MARKETING_VERSION = 1.0;
				PRODUCT_BUNDLE_IDENTIFIER = ee.APIProject;
				PRODUCT_NAME = "$(TARGET_NAME)";
				SWIFT_EMIT_LOC_STRINGS = YES;
				SWIFT_VERSION = 5.0;
				TARGETED_DEVICE_FAMILY = "1,2";
			};
			name = Debug;
		};
		EA9BDF552B1E25CE003D6DE4 /* Release */ = {
			isa = XCBuildConfiguration;
			buildSettings = {
				ASSETCATALOG_COMPILER_APPICON_NAME = AppIcon;
				ASSETCATALOG_COMPILER_GLOBAL_ACCENT_COLOR_NAME = AccentColor;
				CODE_SIGN_STYLE = Automatic;
				CURRENT_PROJECT_VERSION = 1;
				DEVELOPMENT_TEAM = 49SY96BT5A;
				GENERATE_INFOPLIST_FILE = YES;
				INFOPLIST_FILE = APIProject/Info.plist;
				INFOPLIST_KEY_UIApplicationSupportsIndirectInputEvents = YES;
				INFOPLIST_KEY_UILaunchStoryboardName = LaunchScreen;
				INFOPLIST_KEY_UIMainStoryboardFile = Main;
				INFOPLIST_KEY_UISupportedInterfaceOrientations_iPad = "UIInterfaceOrientationPortrait UIInterfaceOrientationPortraitUpsideDown UIInterfaceOrientationLandscapeLeft UIInterfaceOrientationLandscapeRight";
				INFOPLIST_KEY_UISupportedInterfaceOrientations_iPhone = "UIInterfaceOrientationPortrait UIInterfaceOrientationLandscapeLeft UIInterfaceOrientationLandscapeRight";
				LD_RUNPATH_SEARCH_PATHS = (
					"$(inherited)",
					"@executable_path/Frameworks",
				);
				MARKETING_VERSION = 1.0;
				PRODUCT_BUNDLE_IDENTIFIER = ee.APIProject;
				PRODUCT_NAME = "$(TARGET_NAME)";
				SWIFT_EMIT_LOC_STRINGS = YES;
				SWIFT_VERSION = 5.0;
				TARGETED_DEVICE_FAMILY = "1,2";
			};
			name = Release;
		};
/* End XCBuildConfiguration section */

/* Begin XCConfigurationList section */
		EA9BDF3A2B1E25CC003D6DE4 /* Build configuration list for PBXProject "APIProject" */ = {
			isa = XCConfigurationList;
			buildConfigurations = (
				EA9BDF512B1E25CE003D6DE4 /* Debug */,
				EA9BDF522B1E25CE003D6DE4 /* Release */,
			);
			defaultConfigurationIsVisible = 0;
			defaultConfigurationName = Release;
		};
		EA9BDF532B1E25CE003D6DE4 /* Build configuration list for PBXNativeTarget "APIProject" */ = {
			isa = XCConfigurationList;
			buildConfigurations = (
				EA9BDF542B1E25CE003D6DE4 /* Debug */,
				EA9BDF552B1E25CE003D6DE4 /* Release */,
			);
			defaultConfigurationIsVisible = 0;
			defaultConfigurationName = Release;
		};
/* End XCConfigurationList section */
	};
	rootObject = EA9BDF372B1E25CC003D6DE4 /* Project object */;
}
